// !$*UTF8*$!
{
	archiveVersion = 1;
	classes = {
	};
	objectVersion = 77;
	objects = {

/* Begin PBXBuildFile section */
		D8EF94812EB0A8460042A60E /* Stripe in Frameworks */ = {isa = PBXBuildFile; productRef = D8EF94802EB0A8460042A60E /* Stripe */; };
		D8EF94832EB0A8460042A60E /* StripeApplePay in Frameworks */ = {isa = PBXBuildFile; productRef = D8EF94822EB0A8460042A60E /* StripeApplePay */; };
		D8EF94852EB0A8460042A60E /* StripeCardScan in Frameworks */ = {isa = PBXBuildFile; productRef = D8EF94842EB0A8460042A60E /* StripeCardScan */; };
		D8EF94872EB0A8460042A60E /* StripeConnect in Frameworks */ = {isa = PBXBuildFile; productRef = D8EF94862EB0A8460042A60E /* StripeConnect */; };
		D8EF94892EB0A8460042A60E /* StripeFinancialConnections in Frameworks */ = {isa = PBXBuildFile; productRef = D8EF94882EB0A8460042A60E /* StripeFinancialConnections */; };
		D8EF948B2EB0A8460042A60E /* StripeIdentity in Frameworks */ = {isa = PBXBuildFile; productRef = D8EF948A2EB0A8460042A60E /* StripeIdentity */; };
		D8EF948D2EB0A8460042A60E /* StripePaymentSheet in Frameworks */ = {isa = PBXBuildFile; productRef = D8EF948C2EB0A8460042A60E /* StripePaymentSheet */; };
		D8EF948F2EB0A8460042A60E /* StripePayments in Frameworks */ = {isa = PBXBuildFile; productRef = D8EF948E2EB0A8460042A60E /* StripePayments */; };
		D8EF94912EB0A8460042A60E /* StripePaymentsUI in Frameworks */ = {isa = PBXBuildFile; productRef = D8EF94902EB0A8460042A60E /* StripePaymentsUI */; };
/* End PBXBuildFile section */

/* Begin PBXContainerItemProxy section */
		D8EF942B2EB07CB90042A60E /* PBXContainerItemProxy */ = {
			isa = PBXContainerItemProxy;
			containerPortal = D8EF94142EB07CB80042A60E /* Project object */;
			proxyType = 1;
			remoteGlobalIDString = D8EF941B2EB07CB80042A60E;
			remoteInfo = HPayMini;
		};
		D8EF94352EB07CB90042A60E /* PBXContainerItemProxy */ = {
			isa = PBXContainerItemProxy;
			containerPortal = D8EF94142EB07CB80042A60E /* Project object */;
			proxyType = 1;
			remoteGlobalIDString = D8EF941B2EB07CB80042A60E;
			remoteInfo = HPayMini;
		};
/* End PBXContainerItemProxy section */

/* Begin PBXFileReference section */
		D8EF941C2EB07CB80042A60E /* HPayMini.app */ = {isa = PBXFileReference; explicitFileType = wrapper.application; includeInIndex = 0; path = HPayMini.app; sourceTree = BUILT_PRODUCTS_DIR; };
		D8EF942A2EB07CB90042A60E /* HPayMiniTests.xctest */ = {isa = PBXFileReference; explicitFileType = wrapper.cfbundle; includeInIndex = 0; path = HPayMiniTests.xctest; sourceTree = BUILT_PRODUCTS_DIR; };
		D8EF94342EB07CB90042A60E /* HPayMiniUITests.xctest */ = {isa = PBXFileReference; explicitFileType = wrapper.cfbundle; includeInIndex = 0; path = HPayMiniUITests.xctest; sourceTree = BUILT_PRODUCTS_DIR; };
/* End PBXFileReference section */

/* Begin PBXFileSystemSynchronizedRootGroup section */
		D8EF941E2EB07CB80042A60E /* HPayMini */ = {
			isa = PBXFileSystemSynchronizedRootGroup;
			path = HPayMini;
			sourceTree = "<group>";
		};
		D8EF942D2EB07CB90042A60E /* HPayMiniTests */ = {
			isa = PBXFileSystemSynchronizedRootGroup;
			path = HPayMiniTests;
			sourceTree = "<group>";
		};
		D8EF94372EB07CB90042A60E /* HPayMiniUITests */ = {
			isa = PBXFileSystemSynchronizedRootGroup;
			path = HPayMiniUITests;
			sourceTree = "<group>";
		};
/* End PBXFileSystemSynchronizedRootGroup section */

/* Begin PBXFrameworksBuildPhase section */
		D8EF94192EB07CB80042A60E /* Frameworks */ = {
			isa = PBXFrameworksBuildPhase;
			buildActionMask = 2147483647;
			files = (
				D8EF94892EB0A8460042A60E /* StripeFinancialConnections in Frameworks */,
				D8EF94852EB0A8460042A60E /* StripeCardScan in Frameworks */,
				D8EF94812EB0A8460042A60E /* Stripe in Frameworks */,
				D8EF948B2EB0A8460042A60E /* StripeIdentity in Frameworks */,
				D8EF948D2EB0A8460042A60E /* StripePaymentSheet in Frameworks */,
				D8EF94872EB0A8460042A60E /* StripeConnect in Frameworks */,
				D8EF94912EB0A8460042A60E /* StripePaymentsUI in Frameworks */,
				D8EF948F2EB0A8460042A60E /* StripePayments in Frameworks */,
				D8EF94832EB0A8460042A60E /* StripeApplePay in Frameworks */,
			);
			runOnlyForDeploymentPostprocessing = 0;
		};
		D8EF94272EB07CB90042A60E /* Frameworks */ = {
			isa = PBXFrameworksBuildPhase;
			buildActionMask = 2147483647;
			files = (
			);
			runOnlyForDeploymentPostprocessing = 0;
		};
		D8EF94312EB07CB90042A60E /* Frameworks */ = {
			isa = PBXFrameworksBuildPhase;
			buildActionMask = 2147483647;
			files = (
			);
			runOnlyForDeploymentPostprocessing = 0;
		};
/* End PBXFrameworksBuildPhase section */

/* Begin PBXGroup section */
		D8EF94132EB07CB80042A60E = {
			isa = PBXGroup;
			children = (
				D8EF941E2EB07CB80042A60E /* HPayMini */,
				D8EF942D2EB07CB90042A60E /* HPayMiniTests */,
				D8EF94372EB07CB90042A60E /* HPayMiniUITests */,
				D8EF941D2EB07CB80042A60E /* Products */,
			);
			sourceTree = "<group>";
		};
		D8EF941D2EB07CB80042A60E /* Products */ = {
			isa = PBXGroup;
			children = (
				D8EF941C2EB07CB80042A60E /* HPayMini.app */,
				D8EF942A2EB07CB90042A60E /* HPayMiniTests.xctest */,
				D8EF94342EB07CB90042A60E /* HPayMiniUITests.xctest */,
			);
			name = Products;
			sourceTree = "<group>";
		};
/* End PBXGroup section */

/* Begin PBXNativeTarget section */
		D8EF941B2EB07CB80042A60E /* HPayMini */ = {
			isa = PBXNativeTarget;
			buildConfigurationList = D8EF943E2EB07CB90042A60E /* Build configuration list for PBXNativeTarget "HPayMini" */;
			buildPhases = (
				D8EF94182EB07CB80042A60E /* Sources */,
				D8EF94192EB07CB80042A60E /* Frameworks */,
				D8EF941A2EB07CB80042A60E /* Resources */,
			);
			buildRules = (
			);
			dependencies = (
			);
			fileSystemSynchronizedGroups = (
				D8EF941E2EB07CB80042A60E /* HPayMini */,
			);
			name = HPayMini;
			packageProductDependencies = (
				D8EF94802EB0A8460042A60E /* Stripe */,
				D8EF94822EB0A8460042A60E /* StripeApplePay */,
				D8EF94842EB0A8460042A60E /* StripeCardScan */,
				D8EF94862EB0A8460042A60E /* StripeConnect */,
				D8EF94882EB0A8460042A60E /* StripeFinancialConnections */,
				D8EF948A2EB0A8460042A60E /* StripeIdentity */,
				D8EF948C2EB0A8460042A60E /* StripePaymentSheet */,
				D8EF948E2EB0A8460042A60E /* StripePayments */,
				D8EF94902EB0A8460042A60E /* StripePaymentsUI */,
			);
			productName = HPayMini;
			productReference = D8EF941C2EB07CB80042A60E /* HPayMini.app */;
			productType = "com.apple.product-type.application";
		};
		D8EF94292EB07CB90042A60E /* HPayMiniTests */ = {
			isa = PBXNativeTarget;
			buildConfigurationList = D8EF94412EB07CB90042A60E /* Build configuration list for PBXNativeTarget "HPayMiniTests" */;
			buildPhases = (
				D8EF94262EB07CB90042A60E /* Sources */,
				D8EF94272EB07CB90042A60E /* Frameworks */,
				D8EF94282EB07CB90042A60E /* Resources */,
			);
			buildRules = (
			);
			dependencies = (
				D8EF942C2EB07CB90042A60E /* PBXTargetDependency */,
			);
			fileSystemSynchronizedGroups = (
				D8EF942D2EB07CB90042A60E /* HPayMiniTests */,
			);
			name = HPayMiniTests;
			packageProductDependencies = (
			);
			productName = HPayMiniTests;
			productReference = D8EF942A2EB07CB90042A60E /* HPayMiniTests.xctest */;
			productType = "com.apple.product-type.bundle.unit-test";
		};
		D8EF94332EB07CB90042A60E /* HPayMiniUITests */ = {
			isa = PBXNativeTarget;
			buildConfigurationList = D8EF94442EB07CB90042A60E /* Build configuration list for PBXNativeTarget "HPayMiniUITests" */;
			buildPhases = (
				D8EF94302EB07CB90042A60E /* Sources */,
				D8EF94312EB07CB90042A60E /* Frameworks */,
				D8EF94322EB07CB90042A60E /* Resources */,
			);
			buildRules = (
			);
			dependencies = (
				D8EF94362EB07CB90042A60E /* PBXTargetDependency */,
			);
			fileSystemSynchronizedGroups = (
				D8EF94372EB07CB90042A60E /* HPayMiniUITests */,
			);
			name = HPayMiniUITests;
			packageProductDependencies = (
			);
			productName = HPayMiniUITests;
			productReference = D8EF94342EB07CB90042A60E /* HPayMiniUITests.xctest */;
			productType = "com.apple.product-type.bundle.ui-testing";
		};
/* End PBXNativeTarget section */

/* Begin PBXProject section */
		D8EF94142EB07CB80042A60E /* Project object */ = {
			isa = PBXProject;
			attributes = {
				BuildIndependentTargetsInParallel = 1;
				LastSwiftUpdateCheck = 1640;
				LastUpgradeCheck = 1640;
				TargetAttributes = {
					D8EF941B2EB07CB80042A60E = {
						CreatedOnToolsVersion = 16.4;
					};
					D8EF94292EB07CB90042A60E = {
						CreatedOnToolsVersion = 16.4;
						TestTargetID = D8EF941B2EB07CB80042A60E;
					};
					D8EF94332EB07CB90042A60E = {
						CreatedOnToolsVersion = 16.4;
						TestTargetID = D8EF941B2EB07CB80042A60E;
					};
				};
			};
			buildConfigurationList = D8EF94172EB07CB80042A60E /* Build configuration list for PBXProject "HPayMini" */;
			developmentRegion = en;
			hasScannedForEncodings = 0;
			knownRegions = (
				en,
				Base,
			);
			mainGroup = D8EF94132EB07CB80042A60E;
			minimizedProjectReferenceProxies = 1;
			packageReferences = (
				D8EF947F2EB0A8460042A60E /* XCRemoteSwiftPackageReference "stripe-ios-spm" */,
			);
			preferredProjectObjectVersion = 77;
			productRefGroup = D8EF941D2EB07CB80042A60E /* Products */;
			projectDirPath = "";
			projectRoot = "";
			targets = (
				D8EF941B2EB07CB80042A60E /* HPayMini */,
				D8EF94292EB07CB90042A60E /* HPayMiniTests */,
				D8EF94332EB07CB90042A60E /* HPayMiniUITests */,
			);
		};
/* End PBXProject section */

/* Begin PBXResourcesBuildPhase section */
		D8EF941A2EB07CB80042A60E /* Resources */ = {
			isa = PBXResourcesBuildPhase;
			buildActionMask = 2147483647;
			files = (
			);
			runOnlyForDeploymentPostprocessing = 0;
		};
		D8EF94282EB07CB90042A60E /* Resources */ = {
			isa = PBXResourcesBuildPhase;
			buildActionMask = 2147483647;
			files = (
			);
			runOnlyForDeploymentPostprocessing = 0;
		};
		D8EF94322EB07CB90042A60E /* Resources */ = {
			isa = PBXResourcesBuildPhase;
			buildActionMask = 2147483647;
			files = (
			);
			runOnlyForDeploymentPostprocessing = 0;
		};
/* End PBXResourcesBuildPhase section */

/* Begin PBXSourcesBuildPhase section */
		D8EF94182EB07CB80042A60E /* Sources */ = {
			isa = PBXSourcesBuildPhase;
			buildActionMask = 2147483647;
			files = (
			);
			runOnlyForDeploymentPostprocessing = 0;
		};
		D8EF94262EB07CB90042A60E /* Sources */ = {
			isa = PBXSourcesBuildPhase;
			buildActionMask = 2147483647;
			files = (
			);
			runOnlyForDeploymentPostprocessing = 0;
		};
		D8EF94302EB07CB90042A60E /* Sources */ = {
			isa = PBXSourcesBuildPhase;
			buildActionMask = 2147483647;
			files = (
			);
			runOnlyForDeploymentPostprocessing = 0;
		};
/* End PBXSourcesBuildPhase section */

/* Begin PBXTargetDependency section */
		D8EF942C2EB07CB90042A60E /* PBXTargetDependency */ = {
			isa = PBXTargetDependency;
			target = D8EF941B2EB07CB80042A60E /* HPayMini */;
			targetProxy = D8EF942B2EB07CB90042A60E /* PBXContainerItemProxy */;
		};
		D8EF94362EB07CB90042A60E /* PBXTargetDependency */ = {
			isa = PBXTargetDependency;
			target = D8EF941B2EB07CB80042A60E /* HPayMini */;
			targetProxy = D8EF94352EB07CB90042A60E /* PBXContainerItemProxy */;
		};
/* End PBXTargetDependency section */

/* Begin XCBuildConfiguration section */
		D8EF943C2EB07CB90042A60E /* Debug */ = {
			isa = XCBuildConfiguration;
			buildSettings = {
				ALWAYS_SEARCH_USER_PATHS = NO;
				ASSETCATALOG_COMPILER_GENERATE_SWIFT_ASSET_SYMBOL_EXTENSIONS = YES;
				CLANG_ANALYZER_NONNULL = YES;
				CLANG_ANALYZER_NUMBER_OBJECT_CONVERSION = YES_AGGRESSIVE;
				CLANG_CXX_LANGUAGE_STANDARD = "gnu++20";
				CLANG_ENABLE_MODULES = YES;
				CLANG_ENABLE_OBJC_ARC = YES;
				CLANG_ENABLE_OBJC_WEAK = YES;
				CLANG_WARN_BLOCK_CAPTURE_AUTORELEASING = YES;
				CLANG_WARN_BOOL_CONVERSION = YES;
				CLANG_WARN_COMMA = YES;
				CLANG_WARN_CONSTANT_CONVERSION = YES;
				CLANG_WARN_DEPRECATED_OBJC_IMPLEMENTATIONS = YES;
				CLANG_WARN_DIRECT_OBJC_ISA_USAGE = YES_ERROR;
				CLANG_WARN_DOCUMENTATION_COMMENTS = YES;
				CLANG_WARN_EMPTY_BODY = YES;
				CLANG_WARN_ENUM_CONVERSION = YES;
				CLANG_WARN_INFINITE_RECURSION = YES;
				CLANG_WARN_INT_CONVERSION = YES;
				CLANG_WARN_NON_LITERAL_NULL_CONVERSION = YES;
				CLANG_WARN_OBJC_IMPLICIT_RETAIN_SELF = YES;
				CLANG_WARN_OBJC_LITERAL_CONVERSION = YES;
				CLANG_WARN_OBJC_ROOT_CLASS = YES_ERROR;
				CLANG_WARN_QUOTED_INCLUDE_IN_FRAMEWORK_HEADER = YES;
				CLANG_WARN_RANGE_LOOP_ANALYSIS = YES;
				CLANG_WARN_STRICT_PROTOTYPES = YES;
				CLANG_WARN_SUSPICIOUS_MOVE = YES;
				CLANG_WARN_UNGUARDED_AVAILABILITY = YES_AGGRESSIVE;
				CLANG_WARN_UNREACHABLE_CODE = YES;
				CLANG_WARN__DUPLICATE_METHOD_MATCH = YES;
				COPY_PHASE_STRIP = NO;
				DEBUG_INFORMATION_FORMAT = dwarf;
				DEVELOPMENT_TEAM = NQUCPJVZ5U;
				ENABLE_STRICT_OBJC_MSGSEND = YES;
				ENABLE_TESTABILITY = YES;
				ENABLE_USER_SCRIPT_SANDBOXING = YES;
				GCC_C_LANGUAGE_STANDARD = gnu17;
				GCC_DYNAMIC_NO_PIC = NO;
				GCC_NO_COMMON_BLOCKS = YES;
				GCC_OPTIMIZATION_LEVEL = 0;
				GCC_PREPROCESSOR_DEFINITIONS = (
					"DEBUG=1",
					"$(inherited)",
				);
				GCC_WARN_64_TO_32_BIT_CONVERSION = YES;
				GCC_WARN_ABOUT_RETURN_TYPE = YES_ERROR;
				GCC_WARN_UNDECLARED_SELECTOR = YES;
				GCC_WARN_UNINITIALIZED_AUTOS = YES_AGGRESSIVE;
				GCC_WARN_UNUSED_FUNCTION = YES;
				GCC_WARN_UNUSED_VARIABLE = YES;
				LOCALIZATION_PREFERS_STRING_CATALOGS = YES;
				MTL_ENABLE_DEBUG_INFO = INCLUDE_SOURCE;
				MTL_FAST_MATH = YES;
				ONLY_ACTIVE_ARCH = YES;
				SWIFT_ACTIVE_COMPILATION_CONDITIONS = "DEBUG $(inherited)";
				SWIFT_OPTIMIZATION_LEVEL = "-Onone";
			};
			name = Debug;
		};
		D8EF943D2EB07CB90042A60E /* Release */ = {
			isa = XCBuildConfiguration;
			buildSettings = {
				ALWAYS_SEARCH_USER_PATHS = NO;
				ASSETCATALOG_COMPILER_GENERATE_SWIFT_ASSET_SYMBOL_EXTENSIONS = YES;
				CLANG_ANALYZER_NONNULL = YES;
				CLANG_ANALYZER_NUMBER_OBJECT_CONVERSION = YES_AGGRESSIVE;
				CLANG_CXX_LANGUAGE_STANDARD = "gnu++20";
				CLANG_ENABLE_MODULES = YES;
				CLANG_ENABLE_OBJC_ARC = YES;
				CLANG_ENABLE_OBJC_WEAK = YES;
				CLANG_WARN_BLOCK_CAPTURE_AUTORELEASING = YES;
				CLANG_WARN_BOOL_CONVERSION = YES;
				CLANG_WARN_COMMA = YES;
				CLANG_WARN_CONSTANT_CONVERSION = YES;
				CLANG_WARN_DEPRECATED_OBJC_IMPLEMENTATIONS = YES;
				CLANG_WARN_DIRECT_OBJC_ISA_USAGE = YES_ERROR;
				CLANG_WARN_DOCUMENTATION_COMMENTS = YES;
				CLANG_WARN_EMPTY_BODY = YES;
				CLANG_WARN_ENUM_CONVERSION = YES;
				CLANG_WARN_INFINITE_RECURSION = YES;
				CLANG_WARN_INT_CONVERSION = YES;
				CLANG_WARN_NON_LITERAL_NULL_CONVERSION = YES;
				CLANG_WARN_OBJC_IMPLICIT_RETAIN_SELF = YES;
				CLANG_WARN_OBJC_LITERAL_CONVERSION = YES;
				CLANG_WARN_OBJC_ROOT_CLASS = YES_ERROR;
				CLANG_WARN_QUOTED_INCLUDE_IN_FRAMEWORK_HEADER = YES;
				CLANG_WARN_RANGE_LOOP_ANALYSIS = YES;
				CLANG_WARN_STRICT_PROTOTYPES = YES;
				CLANG_WARN_SUSPICIOUS_MOVE = YES;
				CLANG_WARN_UNGUARDED_AVAILABILITY = YES_AGGRESSIVE;
				CLANG_WARN_UNREACHABLE_CODE = YES;
				CLANG_WARN__DUPLICATE_METHOD_MATCH = YES;
				COPY_PHASE_STRIP = NO;
				DEBUG_INFORMATION_FORMAT = "dwarf-with-dsym";
				DEVELOPMENT_TEAM = NQUCPJVZ5U;
				ENABLE_NS_ASSERTIONS = NO;
				ENABLE_STRICT_OBJC_MSGSEND = YES;
				ENABLE_USER_SCRIPT_SANDBOXING = YES;
				GCC_C_LANGUAGE_STANDARD = gnu17;
				GCC_NO_COMMON_BLOCKS = YES;
				GCC_WARN_64_TO_32_BIT_CONVERSION = YES;
				GCC_WARN_ABOUT_RETURN_TYPE = YES_ERROR;
				GCC_WARN_UNDECLARED_SELECTOR = YES;
				GCC_WARN_UNINITIALIZED_AUTOS = YES_AGGRESSIVE;
				GCC_WARN_UNUSED_FUNCTION = YES;
				GCC_WARN_UNUSED_VARIABLE = YES;
				LOCALIZATION_PREFERS_STRING_CATALOGS = YES;
				MTL_ENABLE_DEBUG_INFO = NO;
				MTL_FAST_MATH = YES;
				SWIFT_COMPILATION_MODE = wholemodule;
			};
			name = Release;
		};
		D8EF943F2EB07CB90042A60E /* Debug */ = {
			isa = XCBuildConfiguration;
			buildSettings = {
				ASSETCATALOG_COMPILER_APPICON_NAME = AppIcon;
				ASSETCATALOG_COMPILER_GLOBAL_ACCENT_COLOR_NAME = AccentColor;
				CODE_SIGN_ENTITLEMENTS = HPayMini/HPayMini.entitlements;
				CODE_SIGN_STYLE = Automatic;
				CURRENT_PROJECT_VERSION = 1;
				DEVELOPMENT_TEAM = NQUCPJVZ5U;
				ENABLE_HARDENED_RUNTIME = YES;
				ENABLE_PREVIEWS = YES;
				GENERATE_INFOPLIST_FILE = YES;
				"INFOPLIST_KEY_UIApplicationSceneManifest_Generation[sdk=iphoneos*]" = YES;
				"INFOPLIST_KEY_UIApplicationSceneManifest_Generation[sdk=iphonesimulator*]" = YES;
				"INFOPLIST_KEY_UIApplicationSupportsIndirectInputEvents[sdk=iphoneos*]" = YES;
				"INFOPLIST_KEY_UIApplicationSupportsIndirectInputEvents[sdk=iphonesimulator*]" = YES;
				"INFOPLIST_KEY_UILaunchScreen_Generation[sdk=iphoneos*]" = YES;
				"INFOPLIST_KEY_UILaunchScreen_Generation[sdk=iphonesimulator*]" = YES;
				"INFOPLIST_KEY_UIStatusBarStyle[sdk=iphoneos*]" = UIStatusBarStyleDefault;
				"INFOPLIST_KEY_UIStatusBarStyle[sdk=iphonesimulator*]" = UIStatusBarStyleDefault;
				INFOPLIST_KEY_UISupportedInterfaceOrientations_iPad = "UIInterfaceOrientationPortrait UIInterfaceOrientationPortraitUpsideDown UIInterfaceOrientationLandscapeLeft UIInterfaceOrientationLandscapeRight";
				INFOPLIST_KEY_UISupportedInterfaceOrientations_iPhone = "UIInterfaceOrientationPortrait UIInterfaceOrientationLandscapeLeft UIInterfaceOrientationLandscapeRight";
				IPHONEOS_DEPLOYMENT_TARGET = 18.5;
				LD_RUNPATH_SEARCH_PATHS = "@executable_path/Frameworks";
				"LD_RUNPATH_SEARCH_PATHS[sdk=macosx*]" = "@executable_path/../Frameworks";
				MACOSX_DEPLOYMENT_TARGET = 15.5;
				MARKETING_VERSION = 1.0;
				PRODUCT_BUNDLE_IDENTIFIER = AnasAlhumaid.HPayMini;
				PRODUCT_NAME = "$(TARGET_NAME)";
				REGISTER_APP_GROUPS = YES;
				SDKROOT = auto;
				SUPPORTED_PLATFORMS = "iphoneos iphonesimulator macosx xros xrsimulator";
				SWIFT_EMIT_LOC_STRINGS = YES;
				SWIFT_VERSION = 5.0;
				TARGETED_DEVICE_FAMILY = "1,2,7";
				XROS_DEPLOYMENT_TARGET = 2.5;
			};
			name = Debug;
		};
		D8EF94402EB07CB90042A60E /* Release */ = {
			isa = XCBuildConfiguration;
			buildSettings = {
				ASSETCATALOG_COMPILER_APPICON_NAME = AppIcon;
				ASSETCATALOG_COMPILER_GLOBAL_ACCENT_COLOR_NAME = AccentColor;
				CODE_SIGN_ENTITLEMENTS = HPayMini/HPayMini.entitlements;
				CODE_SIGN_STYLE = Automatic;
				CURRENT_PROJECT_VERSION = 1;
				DEVELOPMENT_TEAM = NQUCPJVZ5U;
				ENABLE_HARDENED_RUNTIME = YES;
				ENABLE_PREVIEWS = YES;
				GENERATE_INFOPLIST_FILE = YES;
				"INFOPLIST_KEY_UIApplicationSceneManifest_Generation[sdk=iphoneos*]" = YES;
				"INFOPLIST_KEY_UIApplicationSceneManifest_Generation[sdk=iphonesimulator*]" = YES;
				"INFOPLIST_KEY_UIApplicationSupportsIndirectInputEvents[sdk=iphoneos*]" = YES;
				"INFOPLIST_KEY_UIApplicationSupportsIndirectInputEvents[sdk=iphonesimulator*]" = YES;
				"INFOPLIST_KEY_UILaunchScreen_Generation[sdk=iphoneos*]" = YES;
				"INFOPLIST_KEY_UILaunchScreen_Generation[sdk=iphonesimulator*]" = YES;
				"INFOPLIST_KEY_UIStatusBarStyle[sdk=iphoneos*]" = UIStatusBarStyleDefault;
				"INFOPLIST_KEY_UIStatusBarStyle[sdk=iphonesimulator*]" = UIStatusBarStyleDefault;
				INFOPLIST_KEY_UISupportedInterfaceOrientations_iPad = "UIInterfaceOrientationPortrait UIInterfaceOrientationPortraitUpsideDown UIInterfaceOrientationLandscapeLeft UIInterfaceOrientationLandscapeRight";
				INFOPLIST_KEY_UISupportedInterfaceOrientations_iPhone = "UIInterfaceOrientationPortrait UIInterfaceOrientationLandscapeLeft UIInterfaceOrientationLandscapeRight";
				IPHONEOS_DEPLOYMENT_TARGET = 18.5;
				LD_RUNPATH_SEARCH_PATHS = "@executable_path/Frameworks";
				"LD_RUNPATH_SEARCH_PATHS[sdk=macosx*]" = "@executable_path/../Frameworks";
				MACOSX_DEPLOYMENT_TARGET = 15.5;
				MARKETING_VERSION = 1.0;
				PRODUCT_BUNDLE_IDENTIFIER = AnasAlhumaid.HPayMini;
				PRODUCT_NAME = "$(TARGET_NAME)";
				REGISTER_APP_GROUPS = YES;
				SDKROOT = auto;
				SUPPORTED_PLATFORMS = "iphoneos iphonesimulator macosx xros xrsimulator";
				SWIFT_EMIT_LOC_STRINGS = YES;
				SWIFT_VERSION = 5.0;
				TARGETED_DEVICE_FAMILY = "1,2,7";
				XROS_DEPLOYMENT_TARGET = 2.5;
			};
			name = Release;
		};
		D8EF94422EB07CB90042A60E /* Debug */ = {
			isa = XCBuildConfiguration;
			buildSettings = {
				BUNDLE_LOADER = "$(TEST_HOST)";
				CODE_SIGN_STYLE = Automatic;
				CURRENT_PROJECT_VERSION = 1;
				DEVELOPMENT_TEAM = NQUCPJVZ5U;
				GENERATE_INFOPLIST_FILE = YES;
				IPHONEOS_DEPLOYMENT_TARGET = 18.5;
				MACOSX_DEPLOYMENT_TARGET = 15.5;
				MARKETING_VERSION = 1.0;
				PRODUCT_BUNDLE_IDENTIFIER = AnasAlhumaid.HPayMiniTests;
				PRODUCT_NAME = "$(TARGET_NAME)";
				SDKROOT = auto;
				SUPPORTED_PLATFORMS = "iphoneos iphonesimulator macosx xros xrsimulator";
				SWIFT_EMIT_LOC_STRINGS = NO;
				SWIFT_VERSION = 5.0;
				TARGETED_DEVICE_FAMILY = "1,2,7";
				TEST_HOST = "$(BUILT_PRODUCTS_DIR)/HPayMini.app/$(BUNDLE_EXECUTABLE_FOLDER_PATH)/HPayMini";
				XROS_DEPLOYMENT_TARGET = 2.5;
			};
			name = Debug;
		};
		D8EF94432EB07CB90042A60E /* Release */ = {
			isa = XCBuildConfiguration;
			buildSettings = {
				BUNDLE_LOADER = "$(TEST_HOST)";
				CODE_SIGN_STYLE = Automatic;
				CURRENT_PROJECT_VERSION = 1;
				DEVELOPMENT_TEAM = NQUCPJVZ5U;
				GENERATE_INFOPLIST_FILE = YES;
				IPHONEOS_DEPLOYMENT_TARGET = 18.5;
				MACOSX_DEPLOYMENT_TARGET = 15.5;
				MARKETING_VERSION = 1.0;
				PRODUCT_BUNDLE_IDENTIFIER = AnasAlhumaid.HPayMiniTests;
				PRODUCT_NAME = "$(TARGET_NAME)";
				SDKROOT = auto;
				SUPPORTED_PLATFORMS = "iphoneos iphonesimulator macosx xros xrsimulator";
				SWIFT_EMIT_LOC_STRINGS = NO;
				SWIFT_VERSION = 5.0;
				TARGETED_DEVICE_FAMILY = "1,2,7";
				TEST_HOST = "$(BUILT_PRODUCTS_DIR)/HPayMini.app/$(BUNDLE_EXECUTABLE_FOLDER_PATH)/HPayMini";
				XROS_DEPLOYMENT_TARGET = 2.5;
			};
			name = Release;
		};
		D8EF94452EB07CB90042A60E /* Debug */ = {
			isa = XCBuildConfiguration;
			buildSettings = {
				CODE_SIGN_STYLE = Automatic;
				CURRENT_PROJECT_VERSION = 1;
				DEVELOPMENT_TEAM = NQUCPJVZ5U;
				GENERATE_INFOPLIST_FILE = YES;
				IPHONEOS_DEPLOYMENT_TARGET = 18.5;
				MACOSX_DEPLOYMENT_TARGET = 15.5;
				MARKETING_VERSION = 1.0;
				PRODUCT_BUNDLE_IDENTIFIER = AnasAlhumaid.HPayMiniUITests;
				PRODUCT_NAME = "$(TARGET_NAME)";
				SDKROOT = auto;
				SUPPORTED_PLATFORMS = "iphoneos iphonesimulator macosx xros xrsimulator";
				SWIFT_EMIT_LOC_STRINGS = NO;
				SWIFT_VERSION = 5.0;
				TARGETED_DEVICE_FAMILY = "1,2,7";
				TEST_TARGET_NAME = HPayMini;
				XROS_DEPLOYMENT_TARGET = 2.5;
			};
			name = Debug;
		};
		D8EF94462EB07CB90042A60E /* Release */ = {
			isa = XCBuildConfiguration;
			buildSettings = {
				CODE_SIGN_STYLE = Automatic;
				CURRENT_PROJECT_VERSION = 1;
				DEVELOPMENT_TEAM = NQUCPJVZ5U;
				GENERATE_INFOPLIST_FILE = YES;
				IPHONEOS_DEPLOYMENT_TARGET = 18.5;
				MACOSX_DEPLOYMENT_TARGET = 15.5;
				MARKETING_VERSION = 1.0;
				PRODUCT_BUNDLE_IDENTIFIER = AnasAlhumaid.HPayMiniUITests;
				PRODUCT_NAME = "$(TARGET_NAME)";
				SDKROOT = auto;
				SUPPORTED_PLATFORMS = "iphoneos iphonesimulator macosx xros xrsimulator";
				SWIFT_EMIT_LOC_STRINGS = NO;
				SWIFT_VERSION = 5.0;
				TARGETED_DEVICE_FAMILY = "1,2,7";
				TEST_TARGET_NAME = HPayMini;
				XROS_DEPLOYMENT_TARGET = 2.5;
			};
			name = Release;
		};
/* End XCBuildConfiguration section */

/* Begin XCConfigurationList section */
		D8EF94172EB07CB80042A60E /* Build configuration list for PBXProject "HPayMini" */ = {
			isa = XCConfigurationList;
			buildConfigurations = (
				D8EF943C2EB07CB90042A60E /* Debug */,
				D8EF943D2EB07CB90042A60E /* Release */,
			);
			defaultConfigurationIsVisible = 0;
			defaultConfigurationName = Release;
		};
		D8EF943E2EB07CB90042A60E /* Build configuration list for PBXNativeTarget "HPayMini" */ = {
			isa = XCConfigurationList;
			buildConfigurations = (
				D8EF943F2EB07CB90042A60E /* Debug */,
				D8EF94402EB07CB90042A60E /* Release */,
			);
			defaultConfigurationIsVisible = 0;
			defaultConfigurationName = Release;
		};
		D8EF94412EB07CB90042A60E /* Build configuration list for PBXNativeTarget "HPayMiniTests" */ = {
			isa = XCConfigurationList;
			buildConfigurations = (
				D8EF94422EB07CB90042A60E /* Debug */,
				D8EF94432EB07CB90042A60E /* Release */,
			);
			defaultConfigurationIsVisible = 0;
			defaultConfigurationName = Release;
		};
		D8EF94442EB07CB90042A60E /* Build configuration list for PBXNativeTarget "HPayMiniUITests" */ = {
			isa = XCConfigurationList;
			buildConfigurations = (
				D8EF94452EB07CB90042A60E /* Debug */,
				D8EF94462EB07CB90042A60E /* Release */,
			);
			defaultConfigurationIsVisible = 0;
			defaultConfigurationName = Release;
		};
/* End XCConfigurationList section */

/* Begin XCRemoteSwiftPackageReference section */
		D8EF947F2EB0A8460042A60E /* XCRemoteSwiftPackageReference "stripe-ios-spm" */ = {
			isa = XCRemoteSwiftPackageReference;
			repositoryURL = "https://github.com/stripe/stripe-ios-spm";
			requirement = {
				kind = upToNextMajorVersion;
				minimumVersion = 24.25.0;
			};
		};
/* End XCRemoteSwiftPackageReference section */

/* Begin XCSwiftPackageProductDependency section */
		D8EF94802EB0A8460042A60E /* Stripe */ = {
			isa = XCSwiftPackageProductDependency;
			package = D8EF947F2EB0A8460042A60E /* XCRemoteSwiftPackageReference "stripe-ios-spm" */;
			productName = Stripe;
		};
		D8EF94822EB0A8460042A60E /* StripeApplePay */ = {
			isa = XCSwiftPackageProductDependency;
			package = D8EF947F2EB0A8460042A60E /* XCRemoteSwiftPackageReference "stripe-ios-spm" */;
			productName = StripeApplePay;
		};
		D8EF94842EB0A8460042A60E /* StripeCardScan */ = {
			isa = XCSwiftPackageProductDependency;
			package = D8EF947F2EB0A8460042A60E /* XCRemoteSwiftPackageReference "stripe-ios-spm" */;
			productName = StripeCardScan;
		};
		D8EF94862EB0A8460042A60E /* StripeConnect */ = {
			isa = XCSwiftPackageProductDependency;
			package = D8EF947F2EB0A8460042A60E /* XCRemoteSwiftPackageReference "stripe-ios-spm" */;
			productName = StripeConnect;
		};
		D8EF94882EB0A8460042A60E /* StripeFinancialConnections */ = {
			isa = XCSwiftPackageProductDependency;
			package = D8EF947F2EB0A8460042A60E /* XCRemoteSwiftPackageReference "stripe-ios-spm" */;
			productName = StripeFinancialConnections;
		};
		D8EF948A2EB0A8460042A60E /* StripeIdentity */ = {
			isa = XCSwiftPackageProductDependency;
			package = D8EF947F2EB0A8460042A60E /* XCRemoteSwiftPackageReference "stripe-ios-spm" */;
			productName = StripeIdentity;
		};
		D8EF948C2EB0A8460042A60E /* StripePaymentSheet */ = {
			isa = XCSwiftPackageProductDependency;
			package = D8EF947F2EB0A8460042A60E /* XCRemoteSwiftPackageReference "stripe-ios-spm" */;
			productName = StripePaymentSheet;
		};
		D8EF948E2EB0A8460042A60E /* StripePayments */ = {
			isa = XCSwiftPackageProductDependency;
			package = D8EF947F2EB0A8460042A60E /* XCRemoteSwiftPackageReference "stripe-ios-spm" */;
			productName = StripePayments;
		};
		D8EF94902EB0A8460042A60E /* StripePaymentsUI */ = {
			isa = XCSwiftPackageProductDependency;
			package = D8EF947F2EB0A8460042A60E /* XCRemoteSwiftPackageReference "stripe-ios-spm" */;
			productName = StripePaymentsUI;
		};
/* End XCSwiftPackageProductDependency section */
	};
	rootObject = D8EF94142EB07CB80042A60E /* Project object */;
}
